{
    "_readme": [
        "This file locks the dependencies of your project to a known state",
        "Read more about it at http://getcomposer.org/doc/01-basic-usage.md#composer-lock-the-lock-file",
        "This file is @generated automatically"
    ],
    "hash": "2614080cc867b2f7b0bec07434b7801e",
    "packages": [
        {
            "name": "zetacomponents/base",
            "version": "1.8",
            "source": {
                "type": "git",
                "url": "https://github.com/zetacomponents/Base.git",
                "reference": "52ca69c1de55f3fa4f595779e5bc831da7ee176c"
            },
            "dist": {
                "type": "zip",
                "url": "https://api.github.com/repos/zetacomponents/Base/zipball/52ca69c1de55f3fa4f595779e5bc831da7ee176c",
                "reference": "52ca69c1de55f3fa4f595779e5bc831da7ee176c",
                "shasum": ""
            },
            "type": "library",
            "autoload": {
                "classmap": [
                    "src"
                ]
            },
            "notification-url": "https://packagist.org/downloads/",
            "license": [
                "apache2"
            ],
            "authors": [
                {
                    "name": "Sergey Alexeev"
                },
                {
                    "name": "Sebastian Bergmann"
                },
                {
                    "name": "Jan Borsodi"
                },
                {
                    "name": "Raymond Bosman"
                },
                {
                    "name": "Frederik Holljen"
                },
                {
                    "name": "Kore Nordmann"
                },
                {
                    "name": "Derick Rethans"
                },
                {
                    "name": "Vadym Savchuk"
                },
                {
                    "name": "Tobias Schlitt"
                },
                {
                    "name": "Alexandru Stanoi"
                }
            ],
            "description": "The Base package provides the basic infrastructure that all packages rely on. Therefore every component relies on this package.",
            "homepage": "https://github.com/zetacomponents",
            "time": "2009-12-21 12:14:16"
        },
        {
            "name": "zetacomponents/graph",
            "version": "1.5.1",
            "source": {
                "type": "git",
                "url": "https://github.com/zetacomponents/Graph.git",
                "reference": "40380dd915d85ea683fa937bc4e3342055f471dd"
            },
            "dist": {
                "type": "zip",
                "url": "https://api.github.com/repos/zetacomponents/Graph/zipball/40380dd915d85ea683fa937bc4e3342055f471dd",
                "reference": "40380dd915d85ea683fa937bc4e3342055f471dd",
                "shasum": ""
            },
            "require": {
                "zetacomponents/base": "*"
            },
            "require-dev": {
                "zetacomponents/unit-test": "dev-master"
            },
            "type": "library",
            "autoload": {
                "classmap": [
                    "src"
                ]
            },
            "notification-url": "https://packagist.org/downloads/",
            "license": [
                "Apache-2.0"
            ],
            "authors": [
                {
                    "name": "Sergey Alexeev"
                },
                {
                    "name": "Sebastian Bergmann"
                },
                {
                    "name": "Jan Borsodi"
                },
                {
                    "name": "Raymond Bosman"
                },
                {
                    "name": "Frederik Holljen"
                },
                {
                    "name": "Kore Nordmann"
                },
                {
                    "name": "Derick Rethans"
                },
                {
                    "name": "Vadym Savchuk"
                },
                {
                    "name": "Tobias Schlitt"
                },
                {
                    "name": "Alexandru Stanoi"
                },
                {
                    "name": "Lars Jankowski"
                },
                {
                    "name": "Elger Thiele"
                },
                {
                    "name": "Michael Maclean"
                }
            ],
            "description": "A component for creating pie charts, line graphs and other kinds of diagrams.",
            "homepage": "https://github.com/zetacomponents",
            "time": "2013-12-21 11:35:06"
        }
    ],
    "packages-dev": [

    ],
    "aliases": [

    ],
    "minimum-stability": "stable",
    "stability-flags": {
        "zetacomponents/graph": 0
    },
    "prefer-stable": false,
    "platform": [

    ],
    "platform-dev": [

    ]
}
